// !$*UTF8*$!
{
	archiveVersion = 1;
	classes = {
	};
	objectVersion = 46;
	objects = {

/* Begin PBXBuildFile section */
		16A08D08728ECC8B63A646E8 /* libsqlite3.tbd in Frameworks */ = {isa = PBXBuildFile; fileRef = D6B9497AD89208781C75549E /* libsqlite3.tbd */; };
		2508C781FD6DFB82E437FE65 /* ImageIO.framework in Frameworks */ = {isa = PBXBuildFile; fileRef = 1D1BC76BD10FF308ADF68DC5 /* ImageIO.framework */; };
		41784FBD72F896822D675F2C /* libz.tbd in Frameworks */ = {isa = PBXBuildFile; fileRef = E4F39CCE8CCDCB07D90D1286 /* libz.tbd */; };
		42EE60B01C2A8E23007CFCB4 /* test.png in Resources */ = {isa = PBXBuildFile; fileRef = 42EE60AE1C2A8E23007CFCB4 /* test.png */; };
		42EE60B11C2A8E23007CFCB4 /* test1.png in Resources */ = {isa = PBXBuildFile; fileRef = 42EE60AF1C2A8E23007CFCB4 /* test1.png */; };
		5A50155D188FBF980022E07C /* Foundation.framework in Frameworks */ = {isa = PBXBuildFile; fileRef = 5A50155C188FBF980022E07C /* Foundation.framework */; };
		5A501564188FBF980022E07C /* EUExBrokenLine.m in Sources */ = {isa = PBXBuildFile; fileRef = 5A501563188FBF980022E07C /* EUExBrokenLine.m */; };
		5A501591188FBFFA0022E07C /* PCLineChartView.m in Sources */ = {isa = PBXBuildFile; fileRef = 5A501590188FBFFA0022E07C /* PCLineChartView.m */; };
		76B37FF4477F9336325C0C1A /* libstdc++.tbd in Frameworks */ = {isa = PBXBuildFile; fileRef = F00C932E7A2D066EBDBDAD6A /* libstdc++.tbd */; };
		8A3D9CAEFB2FEE36420661E3 /* CFNetWork.framework in Frameworks */ = {isa = PBXBuildFile; fileRef = 188DCD00A980FE446B095556 /* CFNetWork.framework */; };
		AACB9BFD825328685451280B /* MobileCoreServices.framework in Frameworks */ = {isa = PBXBuildFile; fileRef = 6A52FAE524381541F9BD3BD3 /* MobileCoreServices.framework */; };
		D55264F6C5329CC7445E6DD7 /* CoreGraphics.framework in Frameworks */ = {isa = PBXBuildFile; fileRef = 3A5A0AB1D6B5BD654C5F2286 /* CoreGraphics.framework */; };
		D57E04A3EFC69CD7873EB59E /* libc++.tbd in Frameworks */ = {isa = PBXBuildFile; fileRef = EB24F4379C3EDCEC947D1989 /* libc++.tbd */; };
		DC2B5151DEC0122B65A3846D /* SystemConfiguration.framework in Frameworks */ = {isa = PBXBuildFile; fileRef = 6C127FD7F15064AB6D3DE052 /* SystemConfiguration.framework */; };
		E5A3258C167224900449E54A /* AudioToolbox.framework in Frameworks */ = {isa = PBXBuildFile; fileRef = BE6AF83325D2B1510F08F7BC /* AudioToolbox.framework */; };
		E90BC99F2552467E2D3FEA01 /* AppCanEngine.framework in Frameworks */ = {isa = PBXBuildFile; fileRef = 7CC1114BD30DFBC8DE55A9B5 /* AppCanEngine.framework */; };
		ED9F7C89AA7CE2789D7C83F1 /* uexBrokenLine.bundle in Resources */ = {isa = PBXBuildFile; fileRef = F88D0776580FD53EC7D08C20 /* uexBrokenLine.bundle */; };
		F33ABC995FE1E432085099B6 /* MapKit.framework in Frameworks */ = {isa = PBXBuildFile; fileRef = 0C32E4B26EDAC8B412A8B3AC /* MapKit.framework */; };
		F386AC25A4BDCB8086CB306C /* UIKit.framework in Frameworks */ = {isa = PBXBuildFile; fileRef = 8A2BE54C252191BDA886472A /* UIKit.framework */; };
		F9ACE6171EF050392C4AA68B /* QuartzCore.framework in Frameworks */ = {isa = PBXBuildFile; fileRef = B2C8C8B4BBEE483FF8954AAD /* QuartzCore.framework */; };
/* End PBXBuildFile section */

/* Begin PBXCopyFilesBuildPhase section */
		5A501557188FBF980022E07C /* CopyFiles */ = {
			isa = PBXCopyFilesBuildPhase;
			buildActionMask = 2147483647;
			dstPath = "include/$(PRODUCT_NAME)";
			dstSubfolderSpec = 16;
			files = (
			);
			runOnlyForDeploymentPostprocessing = 0;
		};
/* End PBXCopyFilesBuildPhase section */

/* Begin PBXFileReference section */
		0C32E4B26EDAC8B412A8B3AC /* MapKit.framework */ = {isa = PBXFileReference; fileEncoding = 4; lastKnownFileType = wrapper.framework; name = MapKit.framework; path = System/Library/Frameworks/MapKit.framework; sourceTree = SDKROOT; };
		100C8D584F161139BF7A42C7 /* info.plist */ = {isa = PBXFileReference; fileEncoding = 4; lastKnownFileType = text.plist.strings; name = info.plist; path = "../../../AppCanPluginTools-iOS/resource/IDEPluginProjectPackageResource/info.plist"; sourceTree = "<group>"; };
		188DCD00A980FE446B095556 /* CFNetWork.framework */ = {isa = PBXFileReference; fileEncoding = 4; lastKnownFileType = wrapper.framework; name = CFNetWork.framework; path = System/Library/Frameworks/CFNetWork.framework; sourceTree = SDKROOT; };
		1D1BC76BD10FF308ADF68DC5 /* ImageIO.framework */ = {isa = PBXFileReference; fileEncoding = 4; lastKnownFileType = wrapper.framework; name = ImageIO.framework; path = System/Library/Frameworks/ImageIO.framework; sourceTree = SDKROOT; };
		3A5A0AB1D6B5BD654C5F2286 /* CoreGraphics.framework */ = {isa = PBXFileReference; fileEncoding = 4; lastKnownFileType = wrapper.framework; name = CoreGraphics.framework; path = System/Library/Frameworks/CoreGraphics.framework; sourceTree = SDKROOT; };
		42EE60A81C2A8E06007CFCB4 /* uexBrokenLine.bundle */ = {isa = PBXFileReference; explicitFileType = wrapper.cfbundle; includeInIndex = 0; path = uexBrokenLine.bundle; sourceTree = BUILT_PRODUCTS_DIR; };
		42EE60AE1C2A8E23007CFCB4 /* test.png */ = {isa = PBXFileReference; lastKnownFileType = image.png; path = test.png; sourceTree = "<group>"; };
		42EE60AF1C2A8E23007CFCB4 /* test1.png */ = {isa = PBXFileReference; lastKnownFileType = image.png; path = test1.png; sourceTree = "<group>"; };
		5A501559188FBF980022E07C /* uexBrokenLine.framework */ = {isa = PBXFileReference; explicitFileType = archive.ar; includeInIndex = 0; path = uexBrokenLine.framework; sourceTree = BUILT_PRODUCTS_DIR; };
		5A50155C188FBF980022E07C /* Foundation.framework */ = {isa = PBXFileReference; lastKnownFileType = wrapper.framework; name = Foundation.framework; path = System/Library/Frameworks/Foundation.framework; sourceTree = SDKROOT; };
		5A501560188FBF980022E07C /* EUExBrokenLine-Prefix.pch */ = {isa = PBXFileReference; lastKnownFileType = sourcecode.c.h; path = "EUExBrokenLine-Prefix.pch"; sourceTree = "<group>"; };
		5A501563188FBF980022E07C /* EUExBrokenLine.m */ = {isa = PBXFileReference; lastKnownFileType = sourcecode.c.objc; path = EUExBrokenLine.m; sourceTree = "<group>"; };
		5A501583188FBFFA0022E07C /* EUExBase.h */ = {isa = PBXFileReference; fileEncoding = 4; lastKnownFileType = sourcecode.c.h; path = EUExBase.h; sourceTree = "<group>"; };
		5A501584188FBFFA0022E07C /* EUExBaseDefine.h */ = {isa = PBXFileReference; fileEncoding = 4; lastKnownFileType = sourcecode.c.h; path = EUExBaseDefine.h; sourceTree = "<group>"; };
		5A501585188FBFFA0022E07C /* EUtility.h */ = {isa = PBXFileReference; fileEncoding = 4; lastKnownFileType = sourcecode.c.h; path = EUtility.h; sourceTree = "<group>"; };
		5A501588188FBFFA0022E07C /* JSON.h */ = {isa = PBXFileReference; fileEncoding = 4; lastKnownFileType = sourcecode.c.h; path = JSON.h; sourceTree = "<group>"; };
		5A501589188FBFFA0022E07C /* NSObject+SBJSON.h */ = {isa = PBXFileReference; fileEncoding = 4; lastKnownFileType = sourcecode.c.h; path = "NSObject+SBJSON.h"; sourceTree = "<group>"; };
		5A50158A188FBFFA0022E07C /* NSString+SBJSON.h */ = {isa = PBXFileReference; fileEncoding = 4; lastKnownFileType = sourcecode.c.h; path = "NSString+SBJSON.h"; sourceTree = "<group>"; };
		5A50158B188FBFFA0022E07C /* SBJSON.h */ = {isa = PBXFileReference; fileEncoding = 4; lastKnownFileType = sourcecode.c.h; path = SBJSON.h; sourceTree = "<group>"; };
		5A50158C188FBFFA0022E07C /* SBJsonBase.h */ = {isa = PBXFileReference; fileEncoding = 4; lastKnownFileType = sourcecode.c.h; path = SBJsonBase.h; sourceTree = "<group>"; };
		5A50158D188FBFFA0022E07C /* SBJsonParser.h */ = {isa = PBXFileReference; fileEncoding = 4; lastKnownFileType = sourcecode.c.h; path = SBJsonParser.h; sourceTree = "<group>"; };
		5A50158E188FBFFA0022E07C /* SBJsonWriter.h */ = {isa = PBXFileReference; fileEncoding = 4; lastKnownFileType = sourcecode.c.h; path = SBJsonWriter.h; sourceTree = "<group>"; };
		5A50158F188FBFFA0022E07C /* PCLineChartView.h */ = {isa = PBXFileReference; fileEncoding = 4; lastKnownFileType = sourcecode.c.h; path = PCLineChartView.h; sourceTree = "<group>"; };
		5A501590188FBFFA0022E07C /* PCLineChartView.m */ = {isa = PBXFileReference; fileEncoding = 4; lastKnownFileType = sourcecode.c.objc; path = PCLineChartView.m; sourceTree = "<group>"; };
		5A60A94618AB27BF00C727A6 /* EUExBrokenLine.h */ = {isa = PBXFileReference; lastKnownFileType = sourcecode.c.h; path = EUExBrokenLine.h; sourceTree = "<group>"; };
		6A52FAE524381541F9BD3BD3 /* MobileCoreServices.framework */ = {isa = PBXFileReference; fileEncoding = 4; lastKnownFileType = wrapper.framework; name = MobileCoreServices.framework; path = System/Library/Frameworks/MobileCoreServices.framework; sourceTree = SDKROOT; };
		6C127FD7F15064AB6D3DE052 /* SystemConfiguration.framework */ = {isa = PBXFileReference; fileEncoding = 4; lastKnownFileType = wrapper.framework; name = SystemConfiguration.framework; path = System/Library/Frameworks/SystemConfiguration.framework; sourceTree = SDKROOT; };
		7CC1114BD30DFBC8DE55A9B5 /* AppCanEngine.framework */ = {isa = PBXFileReference; fileEncoding = 4; lastKnownFileType = wrapper.framework; name = AppCanEngine.framework; path = "../../../AppCanPluginTools-iOS/resource/IDEPluginProjectPackageResource/AppCanEngine.framework"; sourceTree = "<group>"; };
		8A2BE54C252191BDA886472A /* UIKit.framework */ = {isa = PBXFileReference; fileEncoding = 4; lastKnownFileType = wrapper.framework; name = UIKit.framework; path = System/Library/Frameworks/UIKit.framework; sourceTree = SDKROOT; };
		B2C8C8B4BBEE483FF8954AAD /* QuartzCore.framework */ = {isa = PBXFileReference; fileEncoding = 4; lastKnownFileType = wrapper.framework; name = QuartzCore.framework; path = System/Library/Frameworks/QuartzCore.framework; sourceTree = SDKROOT; };
		BE6AF83325D2B1510F08F7BC /* AudioToolbox.framework */ = {isa = PBXFileReference; fileEncoding = 4; lastKnownFileType = wrapper.framework; name = AudioToolbox.framework; path = System/Library/Frameworks/AudioToolbox.framework; sourceTree = SDKROOT; };
		D6B9497AD89208781C75549E /* libsqlite3.tbd */ = {isa = PBXFileReference; fileEncoding = 4; lastKnownFileType = archive.ar; name = libsqlite3.tbd; path = usr/lib/libsqlite3.tbd; sourceTree = SDKROOT; };
		E4F39CCE8CCDCB07D90D1286 /* libz.tbd */ = {isa = PBXFileReference; fileEncoding = 4; lastKnownFileType = archive.ar; name = libz.tbd; path = usr/lib/libz.tbd; sourceTree = SDKROOT; };
		EB24F4379C3EDCEC947D1989 /* libc++.tbd */ = {isa = PBXFileReference; fileEncoding = 4; lastKnownFileType = archive.ar; name = "libc++.tbd"; path = "usr/lib/libc++.tbd"; sourceTree = SDKROOT; };
		F00C932E7A2D066EBDBDAD6A /* libstdc++.tbd */ = {isa = PBXFileReference; fileEncoding = 4; lastKnownFileType = archive.ar; name = "libstdc++.tbd"; path = "usr/lib/libstdc++.tbd"; sourceTree = SDKROOT; };
		F88D0776580FD53EC7D08C20 /* uexBrokenLine.bundle */ = {isa = PBXFileReference; fileEncoding = 4; lastKnownFileType = wrapper.cfbundle; name = uexBrokenLine.bundle; path = uexBrokenLine/uexBrokenLine.bundle; sourceTree = "<group>"; };
/* End PBXFileReference section */

/* Begin PBXFrameworksBuildPhase section */
		42EE60A51C2A8E06007CFCB4 /* Frameworks */ = {
			isa = PBXFrameworksBuildPhase;
			buildActionMask = 2147483647;
			files = (
			);
			runOnlyForDeploymentPostprocessing = 0;
		};
		5A501556188FBF980022E07C /* Frameworks */ = {
			isa = PBXFrameworksBuildPhase;
			buildActionMask = 2147483647;
			files = (
				5A50155D188FBF980022E07C /* Foundation.framework in Frameworks */,
				F33ABC995FE1E432085099B6 /* MapKit.framework in Frameworks */,
				E5A3258C167224900449E54A /* AudioToolbox.framework in Frameworks */,
				DC2B5151DEC0122B65A3846D /* SystemConfiguration.framework in Frameworks */,
				2508C781FD6DFB82E437FE65 /* ImageIO.framework in Frameworks */,
				8A3D9CAEFB2FEE36420661E3 /* CFNetWork.framework in Frameworks */,
				AACB9BFD825328685451280B /* MobileCoreServices.framework in Frameworks */,
				F386AC25A4BDCB8086CB306C /* UIKit.framework in Frameworks */,
				D55264F6C5329CC7445E6DD7 /* CoreGraphics.framework in Frameworks */,
				F9ACE6171EF050392C4AA68B /* QuartzCore.framework in Frameworks */,
				D57E04A3EFC69CD7873EB59E /* libc++.tbd in Frameworks */,
				76B37FF4477F9336325C0C1A /* libstdc++.tbd in Frameworks */,
				16A08D08728ECC8B63A646E8 /* libsqlite3.tbd in Frameworks */,
				41784FBD72F896822D675F2C /* libz.tbd in Frameworks */,
				E90BC99F2552467E2D3FEA01 /* AppCanEngine.framework in Frameworks */,
			);
			runOnlyForDeploymentPostprocessing = 0;
		};
/* End PBXFrameworksBuildPhase section */

/* Begin PBXGroup section */
		42EE60A91C2A8E06007CFCB4 /* uexBrokenLineBundle */ = {
			isa = PBXGroup;
			children = (
				42EE60AE1C2A8E23007CFCB4 /* test.png */,
				42EE60AF1C2A8E23007CFCB4 /* test1.png */,
			);
			path = uexBrokenLineBundle;
			sourceTree = "<group>";
		};
		5A501550188FBF980022E07C = {
			isa = PBXGroup;
			children = (
				5A50155E188FBF980022E07C /* EUExBrokenLine */,
				42EE60A91C2A8E06007CFCB4 /* uexBrokenLineBundle */,
				5A50155B188FBF980022E07C /* Frameworks */,
				5A50155A188FBF980022E07C /* Products */,
				7816659EBD352B31A7C11A69 /* IDE-Frameworks */,
				CD24D67EB29E66D4B399F670 /* AppCanEngine */,
				F88D0776580FD53EC7D08C20 /* uexBrokenLine.bundle */,
			);
			sourceTree = "<group>";
		};
		5A50155A188FBF980022E07C /* Products */ = {
			isa = PBXGroup;
			children = (
				5A501559188FBF980022E07C /* uexBrokenLine.framework */,
				42EE60A81C2A8E06007CFCB4 /* uexBrokenLine.bundle */,
			);
			name = Products;
			sourceTree = "<group>";
		};
		5A50155B188FBF980022E07C /* Frameworks */ = {
			isa = PBXGroup;
			children = (
				5A50155C188FBF980022E07C /* Foundation.framework */,
			);
			name = Frameworks;
			sourceTree = "<group>";
		};
		5A50155E188FBF980022E07C /* EUExBrokenLine */ = {
			isa = PBXGroup;
			children = (
				5A60A94618AB27BF00C727A6 /* EUExBrokenLine.h */,
				5A501563188FBF980022E07C /* EUExBrokenLine.m */,
				5A501582188FBFFA0022E07C /* engineHeader */,
				5A501586188FBFFA0022E07C /* sourceCode */,
				5A50155F188FBF980022E07C /* Supporting Files */,
			);
			path = EUExBrokenLine;
			sourceTree = "<group>";
		};
		5A50155F188FBF980022E07C /* Supporting Files */ = {
			isa = PBXGroup;
			children = (
				5A501560188FBF980022E07C /* EUExBrokenLine-Prefix.pch */,
			);
			name = "Supporting Files";
			sourceTree = "<group>";
		};
		5A501582188FBFFA0022E07C /* engineHeader */ = {
			isa = PBXGroup;
			children = (
				5A501583188FBFFA0022E07C /* EUExBase.h */,
				5A501584188FBFFA0022E07C /* EUExBaseDefine.h */,
				5A501585188FBFFA0022E07C /* EUtility.h */,
			);
			path = engineHeader;
			sourceTree = "<group>";
		};
		5A501586188FBFFA0022E07C /* sourceCode */ = {
			isa = PBXGroup;
			children = (
				5A501587188FBFFA0022E07C /* JSON */,
				5A50158F188FBFFA0022E07C /* PCLineChartView.h */,
				5A501590188FBFFA0022E07C /* PCLineChartView.m */,
			);
			path = sourceCode;
			sourceTree = "<group>";
		};
		5A501587188FBFFA0022E07C /* JSON */ = {
			isa = PBXGroup;
			children = (
				5A501588188FBFFA0022E07C /* JSON.h */,
				5A501589188FBFFA0022E07C /* NSObject+SBJSON.h */,
				5A50158A188FBFFA0022E07C /* NSString+SBJSON.h */,
				5A50158B188FBFFA0022E07C /* SBJSON.h */,
				5A50158C188FBFFA0022E07C /* SBJsonBase.h */,
				5A50158D188FBFFA0022E07C /* SBJsonParser.h */,
				5A50158E188FBFFA0022E07C /* SBJsonWriter.h */,
			);
			path = JSON;
			sourceTree = "<group>";
		};
		7816659EBD352B31A7C11A69 /* IDE-Frameworks */ = {
			isa = PBXGroup;
			children = (
				0C32E4B26EDAC8B412A8B3AC /* MapKit.framework */,
				BE6AF83325D2B1510F08F7BC /* AudioToolbox.framework */,
				6C127FD7F15064AB6D3DE052 /* SystemConfiguration.framework */,
				1D1BC76BD10FF308ADF68DC5 /* ImageIO.framework */,
				188DCD00A980FE446B095556 /* CFNetWork.framework */,
				6A52FAE524381541F9BD3BD3 /* MobileCoreServices.framework */,
				8A2BE54C252191BDA886472A /* UIKit.framework */,
				3A5A0AB1D6B5BD654C5F2286 /* CoreGraphics.framework */,
				B2C8C8B4BBEE483FF8954AAD /* QuartzCore.framework */,
				EB24F4379C3EDCEC947D1989 /* libc++.tbd */,
				F00C932E7A2D066EBDBDAD6A /* libstdc++.tbd */,
				D6B9497AD89208781C75549E /* libsqlite3.tbd */,
				E4F39CCE8CCDCB07D90D1286 /* libz.tbd */,
			);
			path = "IDE-Frameworks";
			sourceTree = "<group>";
		};
		CD24D67EB29E66D4B399F670 /* AppCanEngine */ = {
			isa = PBXGroup;
			children = (
				7CC1114BD30DFBC8DE55A9B5 /* AppCanEngine.framework */,
				100C8D584F161139BF7A42C7 /* info.plist */,
			);
			path = AppCanEngine;
			sourceTree = "<group>";
		};
/* End PBXGroup section */

/* Begin PBXNativeTarget section */
		42EE60A71C2A8E06007CFCB4 /* uexBrokenLineBundle */ = {
			isa = PBXNativeTarget;
			buildConfigurationList = 42EE60AB1C2A8E06007CFCB4 /* Build configuration list for PBXNativeTarget "uexBrokenLineBundle" */;
			buildPhases = (
				42EE60A41C2A8E06007CFCB4 /* Sources */,
				42EE60A51C2A8E06007CFCB4 /* Frameworks */,
				42EE60A61C2A8E06007CFCB4 /* Resources */,
			);
			buildRules = (
			);
			dependencies = (
			);
			name = uexBrokenLineBundle;
			productName = uexBrokenLineBundle;
			productReference = 42EE60A81C2A8E06007CFCB4 /* uexBrokenLine.bundle */;
			productType = "com.apple.product-type.bundle";
		};
		5A501558188FBF980022E07C /* EUExBrokenLine */ = {
			isa = PBXNativeTarget;
			buildConfigurationList = 5A50157C188FBF980022E07C /* Build configuration list for PBXNativeTarget "EUExBrokenLine" */;
			buildPhases = (
				5A501555188FBF980022E07C /* Sources */,
				5A501556188FBF980022E07C /* Frameworks */,
				5A501557188FBF980022E07C /* CopyFiles */,
				44406ED3FB3C6291D7649F94 /* Resources */,
			);
			buildRules = (
			);
			dependencies = (
			);
			name = EUExBrokenLine;
			productName = EUExBrokenLine;
			productReference = 5A501559188FBF980022E07C /* uexBrokenLine.framework */;
			productType = "com.apple.product-type.framework";
		};
/* End PBXNativeTarget section */

/* Begin PBXProject section */
		5A501551188FBF980022E07C /* Project object */ = {
			isa = PBXProject;
			attributes = {
				LastUpgradeCheck = 0500;
				ORGANIZATIONNAME = xll;
				TargetAttributes = {
					42EE60A71C2A8E06007CFCB4 = {
						CreatedOnToolsVersion = 7.2;
					};
				};
			};
			buildConfigurationList = 5A501554188FBF980022E07C /* Build configuration list for PBXProject "EUExBrokenLineIDE" */;
			compatibilityVersion = "Xcode 3.2";
			developmentRegion = English;
			hasScannedForEncodings = 0;
			knownRegions = (
				en,
			);
			mainGroup = 5A501550188FBF980022E07C;
			productRefGroup = 5A50155A188FBF980022E07C /* Products */;
			projectDirPath = "";
			projectRoot = "";
			targets = (
				5A501558188FBF980022E07C /* EUExBrokenLine */,
				42EE60A71C2A8E06007CFCB4 /* uexBrokenLineBundle */,
			);
		};
/* End PBXProject section */

/* Begin PBXResourcesBuildPhase section */
		42EE60A61C2A8E06007CFCB4 /* Resources */ = {
			isa = PBXResourcesBuildPhase;
			buildActionMask = 2147483647;
			files = (
				42EE60B01C2A8E23007CFCB4 /* test.png in Resources */,
				42EE60B11C2A8E23007CFCB4 /* test1.png in Resources */,
			);
			runOnlyForDeploymentPostprocessing = 0;
		};
		44406ED3FB3C6291D7649F94 /* Resources */ = {
			isa = PBXResourcesBuildPhase;
			buildActionMask = 2147483647;
			files = (
				ED9F7C89AA7CE2789D7C83F1 /* uexBrokenLine.bundle in Resources */,
			);
			runOnlyForDeploymentPostprocessing = 0;
		};
/* End PBXResourcesBuildPhase section */

/* Begin PBXSourcesBuildPhase section */
		42EE60A41C2A8E06007CFCB4 /* Sources */ = {
			isa = PBXSourcesBuildPhase;
			buildActionMask = 2147483647;
			files = (
			);
			runOnlyForDeploymentPostprocessing = 0;
		};
		5A501555188FBF980022E07C /* Sources */ = {
			isa = PBXSourcesBuildPhase;
			buildActionMask = 2147483647;
			files = (
				5A501591188FBFFA0022E07C /* PCLineChartView.m in Sources */,
				5A501564188FBF980022E07C /* EUExBrokenLine.m in Sources */,
			);
			runOnlyForDeploymentPostprocessing = 0;
		};
/* End PBXSourcesBuildPhase section */

/* Begin XCBuildConfiguration section */
		42EE60AC1C2A8E06007CFCB4 /* Debug */ = {
			isa = XCBuildConfiguration;
			buildSettings = {
				CLANG_ENABLE_OBJC_ARC = YES;
				CLANG_WARN_UNREACHABLE_CODE = YES;
				CODE_SIGN_IDENTITY = "";
				COMBINE_HIDPI_IMAGES = NO;
				DEBUG_INFORMATION_FORMAT = dwarf;
				ENABLE_STRICT_OBJC_MSGSEND = YES;
				ENABLE_TESTABILITY = YES;
				GCC_NO_COMMON_BLOCKS = YES;
				GCC_WARN_UNINITIALIZED_AUTOS = YES_AGGRESSIVE;
				INFOPLIST_EXPAND_BUILD_SETTINGS = NO;
				INFOPLIST_FILE = "";
				INSTALL_PATH = "$(LOCAL_LIBRARY_DIR)/Bundles";
				MACOSX_DEPLOYMENT_TARGET = 10.11;
				MTL_ENABLE_DEBUG_INFO = YES;
				PRODUCT_BUNDLE_IDENTIFIER = com.zywx.uexBrokenLineBundle;
				PRODUCT_NAME = uexBrokenLine;
				SDKROOT = macosx;
				SKIP_INSTALL = YES;
				WRAPPER_EXTENSION = bundle;
			};
			name = Debug;
		};
		42EE60AD1C2A8E06007CFCB4 /* Release */ = {
			isa = XCBuildConfiguration;
			buildSettings = {
				CLANG_ENABLE_OBJC_ARC = YES;
				CLANG_WARN_UNREACHABLE_CODE = YES;
				CODE_SIGN_IDENTITY = "";
				COMBINE_HIDPI_IMAGES = NO;
				COPY_PHASE_STRIP = NO;
				DEBUG_INFORMATION_FORMAT = "dwarf-with-dsym";
				ENABLE_STRICT_OBJC_MSGSEND = YES;
				GCC_NO_COMMON_BLOCKS = YES;
				GCC_WARN_UNINITIALIZED_AUTOS = YES_AGGRESSIVE;
				INFOPLIST_EXPAND_BUILD_SETTINGS = NO;
				INFOPLIST_FILE = "";
				INSTALL_PATH = "$(LOCAL_LIBRARY_DIR)/Bundles";
				MACOSX_DEPLOYMENT_TARGET = 10.11;
				MTL_ENABLE_DEBUG_INFO = NO;
				PRODUCT_BUNDLE_IDENTIFIER = com.zywx.uexBrokenLineBundle;
				PRODUCT_NAME = uexBrokenLine;
				SDKROOT = macosx;
				SKIP_INSTALL = YES;
				WRAPPER_EXTENSION = bundle;
			};
			name = Release;
		};
		5A50157A188FBF980022E07C /* Debug */ = {
			isa = XCBuildConfiguration;
			buildSettings = {
				ALWAYS_SEARCH_USER_PATHS = NO;
				ARCHS = "$(ARCHS_STANDARD_INCLUDING_64_BIT)";
				CLANG_CXX_LANGUAGE_STANDARD = "gnu++0x";
				CLANG_CXX_LIBRARY = "libc++";
				CLANG_ENABLE_MODULES = YES;
				CLANG_ENABLE_OBJC_ARC = NO;
				CLANG_WARN_BOOL_CONVERSION = YES;
				CLANG_WARN_CONSTANT_CONVERSION = YES;
				CLANG_WARN_DIRECT_OBJC_ISA_USAGE = YES_ERROR;
				CLANG_WARN_EMPTY_BODY = YES;
				CLANG_WARN_ENUM_CONVERSION = YES;
				CLANG_WARN_INT_CONVERSION = YES;
				CLANG_WARN_OBJC_ROOT_CLASS = YES_ERROR;
				CLANG_WARN__DUPLICATE_METHOD_MATCH = YES;
				CONFIGURATION_BUILD_DIR = "$(SRCROOT)/uexBrokenLine/";
				COPY_PHASE_STRIP = NO;
				DEBUG_INFORMATION_FORMAT = dwarf;
				GCC_C_LANGUAGE_STANDARD = gnu99;
				GCC_DYNAMIC_NO_PIC = NO;
				GCC_OPTIMIZATION_LEVEL = 0;
				GCC_PREPROCESSOR_DEFINITIONS = (
					"DEBUG=1",
					"$(inherited)",
				);
				GCC_SYMBOLS_PRIVATE_EXTERN = NO;
				GCC_WARN_64_TO_32_BIT_CONVERSION = YES;
				GCC_WARN_ABOUT_RETURN_TYPE = YES_ERROR;
				GCC_WARN_UNDECLARED_SELECTOR = YES;
				GCC_WARN_UNINITIALIZED_AUTOS = YES;
				GCC_WARN_UNUSED_FUNCTION = YES;
				GCC_WARN_UNUSED_VARIABLE = YES;
				IPHONEOS_DEPLOYMENT_TARGET = 8.0;
				ONLY_ACTIVE_ARCH = YES;
				SDKROOT = iphoneos;
				TARGETED_DEVICE_FAMILY = "1,2";
			};
			name = Debug;
		};
		5A50157B188FBF980022E07C /* Release */ = {
			isa = XCBuildConfiguration;
			buildSettings = {
				ALWAYS_SEARCH_USER_PATHS = NO;
				ARCHS = "$(ARCHS_STANDARD_INCLUDING_64_BIT)";
				CLANG_CXX_LANGUAGE_STANDARD = "gnu++0x";
				CLANG_CXX_LIBRARY = "libc++";
				CLANG_ENABLE_MODULES = YES;
				CLANG_ENABLE_OBJC_ARC = NO;
				CLANG_WARN_BOOL_CONVERSION = YES;
				CLANG_WARN_CONSTANT_CONVERSION = YES;
				CLANG_WARN_DIRECT_OBJC_ISA_USAGE = YES_ERROR;
				CLANG_WARN_EMPTY_BODY = YES;
				CLANG_WARN_ENUM_CONVERSION = YES;
				CLANG_WARN_INT_CONVERSION = YES;
				CLANG_WARN_OBJC_ROOT_CLASS = YES_ERROR;
				CLANG_WARN__DUPLICATE_METHOD_MATCH = YES;
				CONFIGURATION_BUILD_DIR = "$(SRCROOT)/uexBrokenLine/";
				COPY_PHASE_STRIP = YES;
				DEBUG_INFORMATION_FORMAT = dwarf;
				ENABLE_NS_ASSERTIONS = NO;
				GCC_C_LANGUAGE_STANDARD = gnu99;
				GCC_WARN_64_TO_32_BIT_CONVERSION = YES;
				GCC_WARN_ABOUT_RETURN_TYPE = YES_ERROR;
				GCC_WARN_UNDECLARED_SELECTOR = YES;
				GCC_WARN_UNINITIALIZED_AUTOS = YES;
				GCC_WARN_UNUSED_FUNCTION = YES;
				GCC_WARN_UNUSED_VARIABLE = YES;
				IPHONEOS_DEPLOYMENT_TARGET = 8.0;
				SDKROOT = iphoneos;
				TARGETED_DEVICE_FAMILY = "1,2";
				VALIDATE_PRODUCT = YES;
			};
			name = Release;
		};
		5A50157D188FBF980022E07C /* Debug */ = {
			isa = XCBuildConfiguration;
			buildSettings = {
				ARCHS = "$(ARCHS_STANDARD)";
				BUNDLE_IDENTIFIER = com.appcan.ide;
				CODE_SIGN_IDENTITY = "iPhone Distribution: Hangzhou Sea King Biological Technology Co., Ltd.";
				CONFIGURATION_BUILD_DIR = "$(SRCROOT)/uexBrokenLine/IDE/";
				DEBUG_INFORMATION_FORMAT = dwarf;
				DEFINES_MODULE = YES;
				DSTROOT = /tmp/EUExBrokenLine.dst;
				DYLIB_COMPATIBILITY_VERSION = 1;
				DYLIB_CURRENT_VERSION = 1;
				DYLIB_INSTALL_NAME_BASE = "@rpath";
				ENABLE_BITCODE = NO;
				FRAMEWORK_SEARCH_PATHS = (
					"$(PROJECT_DIR)",
					"$(SRCROOT)/../../AppCanPluginTools-iOS/resource/IDEPluginProjectPackageResource",
				);
				GCC_PRECOMPILE_PREFIX_HEADER = YES;
				GCC_PREFIX_HEADER = "EUExBrokenLine/EUExBrokenLine-Prefix.pch";
				HEADER_SEARCH_PATHS = "$(SRCROOT)/../../AppCanPluginTools-iOS/resource/IDEPluginProjectPackageResource";
				INFOPLIST_FILE = "$(SRCROOT)/../../AppCanPluginTools-iOS/resource/IDEPluginProjectPackageResource/info.plist";
				INSTALL_PATH = "$(LOCAL_LIBRARY_DIR)/Frameworks";
				IPHONEOS_DEPLOYMENT_TARGET = 8.0;
				LD_RUNPATH_SEARCH_PATHS = "$(inherited) @executable_path/Frameworks @executable_path @loader_path/Frameworks @loader_path";
				LIBRARY_SEARCH_PATHS = (
					"$(inherited)",
					"$(SRCROOT)/../../AppCanPluginTools-iOS/resource/IDEPluginProjectPackageResource",
				);
				ONLY_ACTIVE_ARCH = NO;
				OTHER_LDFLAGS = "-ObjC";
				PRODUCT_NAME = uexBrokenLine;
				PROVISIONING_PROFILE = "756a3ff2-be53-4d08-862a-c050d0dfa3d9";
				SKIP_INSTALL = YES;
			};
			name = Debug;
		};
		5A50157E188FBF980022E07C /* Release */ = {
			isa = XCBuildConfiguration;
			buildSettings = {
				ARCHS = "$(ARCHS_STANDARD)";
				BUNDLE_IDENTIFIER = com.appcan.ide;
				CODE_SIGN_IDENTITY = "iPhone Distribution: Hangzhou Sea King Biological Technology Co., Ltd.";
				CONFIGURATION_BUILD_DIR = "$(SRCROOT)/uexBrokenLine/IDE/";
				DEBUG_INFORMATION_FORMAT = dwarf;
				DEFINES_MODULE = YES;
				DSTROOT = /tmp/EUExBrokenLine.dst;
				DYLIB_COMPATIBILITY_VERSION = 1;
				DYLIB_CURRENT_VERSION = 1;
				DYLIB_INSTALL_NAME_BASE = "@rpath";
				ENABLE_BITCODE = NO;
				FRAMEWORK_SEARCH_PATHS = (
					"$(PROJECT_DIR)",
					"$(SRCROOT)/../../AppCanPluginTools-iOS/resource/IDEPluginProjectPackageResource",
				);
				GCC_PRECOMPILE_PREFIX_HEADER = YES;
				GCC_PREFIX_HEADER = "EUExBrokenLine/EUExBrokenLine-Prefix.pch";
				HEADER_SEARCH_PATHS = "$(SRCROOT)/../../AppCanPluginTools-iOS/resource/IDEPluginProjectPackageResource";
				INFOPLIST_FILE = "$(SRCROOT)/../../AppCanPluginTools-iOS/resource/IDEPluginProjectPackageResource/info.plist";
				INSTALL_PATH = "$(LOCAL_LIBRARY_DIR)/Frameworks";
				IPHONEOS_DEPLOYMENT_TARGET = 8.0;
				LD_RUNPATH_SEARCH_PATHS = "$(inherited) @executable_path/Frameworks @executable_path @loader_path/Frameworks @loader_path";
				LIBRARY_SEARCH_PATHS = (
					"$(inherited)",
					"$(SRCROOT)/../../AppCanPluginTools-iOS/resource/IDEPluginProjectPackageResource",
				);
				ONLY_ACTIVE_ARCH = NO;
				OTHER_LDFLAGS = "-ObjC";
				PRODUCT_NAME = uexBrokenLine;
				PROVISIONING_PROFILE = "756a3ff2-be53-4d08-862a-c050d0dfa3d9";
				SKIP_INSTALL = YES;
			};
			name = Release;
		};
/* End XCBuildConfiguration section */

/* Begin XCConfigurationList section */
		42EE60AB1C2A8E06007CFCB4 /* Build configuration list for PBXNativeTarget "uexBrokenLineBundle" */ = {
			isa = XCConfigurationList;
			buildConfigurations = (
				42EE60AC1C2A8E06007CFCB4 /* Debug */,
				42EE60AD1C2A8E06007CFCB4 /* Release */,
			);
			defaultConfigurationIsVisible = 0;
			defaultConfigurationName = Release;
		};
		5A501554188FBF980022E07C /* Build configuration list for PBXProject "EUExBrokenLineIDE" */ = {
			isa = XCConfigurationList;
			buildConfigurations = (
				5A50157A188FBF980022E07C /* Debug */,
				5A50157B188FBF980022E07C /* Release */,
			);
			defaultConfigurationIsVisible = 0;
			defaultConfigurationName = Release;
		};
		5A50157C188FBF980022E07C /* Build configuration list for PBXNativeTarget "EUExBrokenLine" */ = {
			isa = XCConfigurationList;
			buildConfigurations = (
				5A50157D188FBF980022E07C /* Debug */,
				5A50157E188FBF980022E07C /* Release */,
			);
			defaultConfigurationIsVisible = 0;
			defaultConfigurationName = Release;
		};
/* End XCConfigurationList section */
	};
	rootObject = 5A501551188FBF980022E07C /* Project object */;
}
